
Microsoft Visual Studio Solution File, Format Version 12.00
# Visual Studio Version 16
VisualStudioVersion = 16.0.34407.143
MinimumVisualStudioVersion = 10.0.40219.1
Project("{FAE04EC0-301F-11D3-BF4B-00C04F79EFBC}") = "SpotifyPlaylistCrateWriter", "SpotifyPlaylistCrateWriter\SpotifyPlaylistCrateWriter.csproj", "{2E83C9A1-CAF0-4CC3-9C24-4201D3AFCE24}"
EndProject
Project("{FAE04EC0-301F-11D3-BF4B-00C04F79EFBC}") = "CrateWriter", "CrateWriter\CrateWriter.csproj", "{0DA97E8A-9C42-46D9-86FB-6796858D0707}"
EndProject
Global
	GlobalSection(SolutionConfigurationPlatforms) = preSolution
		Debug|Any CPU = Debug|Any CPU
		Release|Any CPU = Release|Any CPU
	EndGlobalSection
	GlobalSection(ProjectConfigurationPlatforms) = postSolution
		{2E83C9A1-CAF0-4CC3-9C24-4201D3AFCE24}.Debug|Any CPU.ActiveCfg = Debug|Any CPU
		{2E83C9A1-CAF0-4CC3-9C24-4201D3AFCE24}.Debug|Any CPU.Build.0 = Debug|Any CPU
		{2E83C9A1-CAF0-4CC3-9C24-4201D3AFCE24}.Release|Any CPU.ActiveCfg = Release|Any CPU
		{2E83C9A1-CAF0-4CC3-9C24-4201D3AFCE24}.Release|Any CPU.Build.0 = Release|Any CPU
		{0DA97E8A-9C42-46D9-86FB-6796858D0707}.Debug|Any CPU.ActiveCfg = Debug|Any CPU
		{0DA97E8A-9C42-46D9-86FB-6796858D0707}.Debug|Any CPU.Build.0 = Debug|Any CPU
		{0DA97E8A-9C42-46D9-86FB-6796858D0707}.Release|Any CPU.ActiveCfg = Release|Any CPU
		{0DA97E8A-9C42-46D9-86FB-6796858D0707}.Release|Any CPU.Build.0 = Release|Any CPU
	EndGlobalSection
	GlobalSection(SolutionProperties) = preSolution
		HideSolutionNode = FALSE
	EndGlobalSection
	GlobalSection(ExtensibilityGlobals) = postSolution
		SolutionGuid = {44ED61A5-DC62-4505-88D4-38714AAFA87D}
	EndGlobalSection
EndGlobal
